// !$*UTF8*$!
{
	archiveVersion = 1;
	classes = {
	};
	objectVersion = 50;
	objects = {

/* Begin PBXBuildFile section */
		8AA34ABE22EE8EF900BCDBDB /* UIApplication+Extension.swift in Sources */ = {isa = PBXBuildFile; fileRef = 8AA34ABD22EE8EF900BCDBDB /* UIApplication+Extension.swift */; };
		8AA34ACB22EF1CD400BCDBDB /* YYHook.m in Sources */ = {isa = PBXBuildFile; fileRef = 8AA34ACA22EF1CD300BCDBDB /* YYHook.m */; };
		8AB40BEB22EBE3DA00866279 /* UITapGestureRecognizer+Extension.swift in Sources */ = {isa = PBXBuildFile; fileRef = 8AB40BEA22EBE3DA00866279 /* UITapGestureRecognizer+Extension.swift */; };
		8AB40BF122EC55E500866279 /* UITableView+Extension.swift in Sources */ = {isa = PBXBuildFile; fileRef = 8AB40BF022EC55E500866279 /* UITableView+Extension.swift */; };
		8AC78C6E22F06B6B0011DDA0 /* UIGestureRecognizer+logger.m in Sources */ = {isa = PBXBuildFile; fileRef = 8AC78C6D22F06B6B0011DDA0 /* UIGestureRecognizer+logger.m */; };
		8ACCE94622EAAD2600A6234E /* TestSwiftRunTime.swift in Sources */ = {isa = PBXBuildFile; fileRef = 8ACCE94522EAAD2600A6234E /* TestSwiftRunTime.swift */; };
		8ACCE94822EACD5C00A6234E /* NSObject+Extension.swift in Sources */ = {isa = PBXBuildFile; fileRef = 8ACCE94722EACD5C00A6234E /* NSObject+Extension.swift */; };
		8ACCE94A22EAD34400A6234E /* UIViewController+Extension.swift in Sources */ = {isa = PBXBuildFile; fileRef = 8ACCE94922EAD34400A6234E /* UIViewController+Extension.swift */; };
		8ACCE94C22EADC7600A6234E /* Dog.swift in Sources */ = {isa = PBXBuildFile; fileRef = 8ACCE94B22EADC7600A6234E /* Dog.swift */; };
		8ACCE94E22EAE7C800A6234E /* UIControl+Extension.swift in Sources */ = {isa = PBXBuildFile; fileRef = 8ACCE94D22EAE7C800A6234E /* UIControl+Extension.swift */; };
		8ACD6E5F22F131EB003D39DF /* UIButton+Extension.swift in Sources */ = {isa = PBXBuildFile; fileRef = 8ACD6E5E22F131EB003D39DF /* UIButton+Extension.swift */; };
		8ACDDA6422E9565F0015DDE3 /* AppDelegate.swift in Sources */ = {isa = PBXBuildFile; fileRef = 8ACDDA6322E9565F0015DDE3 /* AppDelegate.swift */; };
		8ACDDA6622E9565F0015DDE3 /* ViewController.swift in Sources */ = {isa = PBXBuildFile; fileRef = 8ACDDA6522E9565F0015DDE3 /* ViewController.swift */; };
		8ACDDA6922E9565F0015DDE3 /* Main.storyboard in Resources */ = {isa = PBXBuildFile; fileRef = 8ACDDA6722E9565F0015DDE3 /* Main.storyboard */; };
		8ACDDA6B22E956600015DDE3 /* Assets.xcassets in Resources */ = {isa = PBXBuildFile; fileRef = 8ACDDA6A22E956600015DDE3 /* Assets.xcassets */; };
		8ACDDA6E22E956600015DDE3 /* LaunchScreen.storyboard in Resources */ = {isa = PBXBuildFile; fileRef = 8ACDDA6C22E956600015DDE3 /* LaunchScreen.storyboard */; };
		8ACDDA7922E956600015DDE3 /* RuntimeDemoTests.swift in Sources */ = {isa = PBXBuildFile; fileRef = 8ACDDA7822E956600015DDE3 /* RuntimeDemoTests.swift */; };
		8ACDDA8422E956600015DDE3 /* RuntimeDemoUITests.swift in Sources */ = {isa = PBXBuildFile; fileRef = 8ACDDA8322E956600015DDE3 /* RuntimeDemoUITests.swift */; };
		8ACDDA9422E95A520015DDE3 /* OCViewController.m in Sources */ = {isa = PBXBuildFile; fileRef = 8ACDDA9322E95A520015DDE3 /* OCViewController.m */; };
		8ACDDA9722E95AD10015DDE3 /* NSObject+runtime.m in Sources */ = {isa = PBXBuildFile; fileRef = 8ACDDA9622E95AD10015DDE3 /* NSObject+runtime.m */; };
		8ACDDA9A22E95AEB0015DDE3 /* Person.m in Sources */ = {isa = PBXBuildFile; fileRef = 8ACDDA9922E95AEB0015DDE3 /* Person.m */; };
		8ACDDA9D22E9A73B0015DDE3 /* UIViewController+Analysis.m in Sources */ = {isa = PBXBuildFile; fileRef = 8ACDDA9C22E9A73B0015DDE3 /* UIViewController+Analysis.m */; };
		8ACDDAA022E9B1D00015DDE3 /* Person+CategoryName.m in Sources */ = {isa = PBXBuildFile; fileRef = 8ACDDA9F22E9B1D00015DDE3 /* Person+CategoryName.m */; };
/* End PBXBuildFile section */

/* Begin PBXContainerItemProxy section */
		8ACDDA7522E956600015DDE3 /* PBXContainerItemProxy */ = {
			isa = PBXContainerItemProxy;
			containerPortal = 8ACDDA5822E9565F0015DDE3 /* Project object */;
			proxyType = 1;
			remoteGlobalIDString = 8ACDDA5F22E9565F0015DDE3;
			remoteInfo = RuntimeDemo;
		};
		8ACDDA8022E956600015DDE3 /* PBXContainerItemProxy */ = {
			isa = PBXContainerItemProxy;
			containerPortal = 8ACDDA5822E9565F0015DDE3 /* Project object */;
			proxyType = 1;
			remoteGlobalIDString = 8ACDDA5F22E9565F0015DDE3;
			remoteInfo = RuntimeDemo;
		};
/* End PBXContainerItemProxy section */

/* Begin PBXFileReference section */
		8AA34ABD22EE8EF900BCDBDB /* UIApplication+Extension.swift */ = {isa = PBXFileReference; lastKnownFileType = sourcecode.swift; path = "UIApplication+Extension.swift"; sourceTree = "<group>"; };
		8AA34AC922EF1CD300BCDBDB /* YYHook.h */ = {isa = PBXFileReference; fileEncoding = 4; lastKnownFileType = sourcecode.c.h; path = YYHook.h; sourceTree = "<group>"; };
		8AA34ACA22EF1CD300BCDBDB /* YYHook.m */ = {isa = PBXFileReference; fileEncoding = 4; lastKnownFileType = sourcecode.c.objc; path = YYHook.m; sourceTree = "<group>"; };
		8AB40BEA22EBE3DA00866279 /* UITapGestureRecognizer+Extension.swift */ = {isa = PBXFileReference; lastKnownFileType = sourcecode.swift; path = "UITapGestureRecognizer+Extension.swift"; sourceTree = "<group>"; };
		8AB40BF022EC55E500866279 /* UITableView+Extension.swift */ = {isa = PBXFileReference; fileEncoding = 4; lastKnownFileType = sourcecode.swift; path = "UITableView+Extension.swift"; sourceTree = "<group>"; };
		8AC78C6C22F06B6A0011DDA0 /* UIGestureRecognizer+logger.h */ = {isa = PBXFileReference; fileEncoding = 4; lastKnownFileType = sourcecode.c.h; path = "UIGestureRecognizer+logger.h"; sourceTree = "<group>"; };
		8AC78C6D22F06B6B0011DDA0 /* UIGestureRecognizer+logger.m */ = {isa = PBXFileReference; fileEncoding = 4; lastKnownFileType = sourcecode.c.objc; path = "UIGestureRecognizer+logger.m"; sourceTree = "<group>"; };
		8ACCE94522EAAD2600A6234E /* TestSwiftRunTime.swift */ = {isa = PBXFileReference; lastKnownFileType = sourcecode.swift; path = TestSwiftRunTime.swift; sourceTree = "<group>"; };
		8ACCE94722EACD5C00A6234E /* NSObject+Extension.swift */ = {isa = PBXFileReference; lastKnownFileType = sourcecode.swift; path = "NSObject+Extension.swift"; sourceTree = "<group>"; };
		8ACCE94922EAD34400A6234E /* UIViewController+Extension.swift */ = {isa = PBXFileReference; lastKnownFileType = sourcecode.swift; path = "UIViewController+Extension.swift"; sourceTree = "<group>"; };
		8ACCE94B22EADC7600A6234E /* Dog.swift */ = {isa = PBXFileReference; lastKnownFileType = sourcecode.swift; path = Dog.swift; sourceTree = "<group>"; };
		8ACCE94D22EAE7C800A6234E /* UIControl+Extension.swift */ = {isa = PBXFileReference; lastKnownFileType = sourcecode.swift; path = "UIControl+Extension.swift"; sourceTree = "<group>"; };
		8ACD6E5E22F131EB003D39DF /* UIButton+Extension.swift */ = {isa = PBXFileReference; lastKnownFileType = sourcecode.swift; path = "UIButton+Extension.swift"; sourceTree = "<group>"; };
		8ACDDA6022E9565F0015DDE3 /* RuntimeDemo.app */ = {isa = PBXFileReference; explicitFileType = wrapper.application; includeInIndex = 0; path = RuntimeDemo.app; sourceTree = BUILT_PRODUCTS_DIR; };
		8ACDDA6322E9565F0015DDE3 /* AppDelegate.swift */ = {isa = PBXFileReference; lastKnownFileType = sourcecode.swift; path = AppDelegate.swift; sourceTree = "<group>"; };
		8ACDDA6522E9565F0015DDE3 /* ViewController.swift */ = {isa = PBXFileReference; lastKnownFileType = sourcecode.swift; path = ViewController.swift; sourceTree = "<group>"; };
		8ACDDA6822E9565F0015DDE3 /* Base */ = {isa = PBXFileReference; lastKnownFileType = file.storyboard; name = Base; path = Base.lproj/Main.storyboard; sourceTree = "<group>"; };
		8ACDDA6A22E956600015DDE3 /* Assets.xcassets */ = {isa = PBXFileReference; lastKnownFileType = folder.assetcatalog; path = Assets.xcassets; sourceTree = "<group>"; };
		8ACDDA6D22E956600015DDE3 /* Base */ = {isa = PBXFileReference; lastKnownFileType = file.storyboard; name = Base; path = Base.lproj/LaunchScreen.storyboard; sourceTree = "<group>"; };
		8ACDDA6F22E956600015DDE3 /* Info.plist */ = {isa = PBXFileReference; lastKnownFileType = text.plist.xml; path = Info.plist; sourceTree = "<group>"; };
		8ACDDA7422E956600015DDE3 /* RuntimeDemoTests.xctest */ = {isa = PBXFileReference; explicitFileType = wrapper.cfbundle; includeInIndex = 0; path = RuntimeDemoTests.xctest; sourceTree = BUILT_PRODUCTS_DIR; };
		8ACDDA7822E956600015DDE3 /* RuntimeDemoTests.swift */ = {isa = PBXFileReference; lastKnownFileType = sourcecode.swift; path = RuntimeDemoTests.swift; sourceTree = "<group>"; };
		8ACDDA7A22E956600015DDE3 /* Info.plist */ = {isa = PBXFileReference; lastKnownFileType = text.plist.xml; path = Info.plist; sourceTree = "<group>"; };
		8ACDDA7F22E956600015DDE3 /* RuntimeDemoUITests.xctest */ = {isa = PBXFileReference; explicitFileType = wrapper.cfbundle; includeInIndex = 0; path = RuntimeDemoUITests.xctest; sourceTree = BUILT_PRODUCTS_DIR; };
		8ACDDA8322E956600015DDE3 /* RuntimeDemoUITests.swift */ = {isa = PBXFileReference; lastKnownFileType = sourcecode.swift; path = RuntimeDemoUITests.swift; sourceTree = "<group>"; };
		8ACDDA8522E956600015DDE3 /* Info.plist */ = {isa = PBXFileReference; lastKnownFileType = text.plist.xml; path = Info.plist; sourceTree = "<group>"; };
		8ACDDA9122E95A510015DDE3 /* RuntimeDemo-Bridging-Header.h */ = {isa = PBXFileReference; lastKnownFileType = sourcecode.c.h; path = "RuntimeDemo-Bridging-Header.h"; sourceTree = "<group>"; };
		8ACDDA9222E95A520015DDE3 /* OCViewController.h */ = {isa = PBXFileReference; lastKnownFileType = sourcecode.c.h; path = OCViewController.h; sourceTree = "<group>"; };
		8ACDDA9322E95A520015DDE3 /* OCViewController.m */ = {isa = PBXFileReference; lastKnownFileType = sourcecode.c.objc; path = OCViewController.m; sourceTree = "<group>"; };
		8ACDDA9522E95AD10015DDE3 /* NSObject+runtime.h */ = {isa = PBXFileReference; lastKnownFileType = sourcecode.c.h; path = "NSObject+runtime.h"; sourceTree = "<group>"; };
		8ACDDA9622E95AD10015DDE3 /* NSObject+runtime.m */ = {isa = PBXFileReference; lastKnownFileType = sourcecode.c.objc; path = "NSObject+runtime.m"; sourceTree = "<group>"; };
		8ACDDA9822E95AEB0015DDE3 /* Person.h */ = {isa = PBXFileReference; lastKnownFileType = sourcecode.c.h; path = Person.h; sourceTree = "<group>"; };
		8ACDDA9922E95AEB0015DDE3 /* Person.m */ = {isa = PBXFileReference; lastKnownFileType = sourcecode.c.objc; path = Person.m; sourceTree = "<group>"; };
		8ACDDA9B22E9A73B0015DDE3 /* UIViewController+Analysis.h */ = {isa = PBXFileReference; lastKnownFileType = sourcecode.c.h; path = "UIViewController+Analysis.h"; sourceTree = "<group>"; };
		8ACDDA9C22E9A73B0015DDE3 /* UIViewController+Analysis.m */ = {isa = PBXFileReference; lastKnownFileType = sourcecode.c.objc; path = "UIViewController+Analysis.m"; sourceTree = "<group>"; };
		8ACDDA9E22E9B1D00015DDE3 /* Person+CategoryName.h */ = {isa = PBXFileReference; lastKnownFileType = sourcecode.c.h; path = "Person+CategoryName.h"; sourceTree = "<group>"; };
		8ACDDA9F22E9B1D00015DDE3 /* Person+CategoryName.m */ = {isa = PBXFileReference; lastKnownFileType = sourcecode.c.objc; path = "Person+CategoryName.m"; sourceTree = "<group>"; };
/* End PBXFileReference section */

/* Begin PBXFrameworksBuildPhase section */
		8ACDDA5D22E9565F0015DDE3 /* Frameworks */ = {
			isa = PBXFrameworksBuildPhase;
			buildActionMask = 2147483647;
			files = (
			);
			runOnlyForDeploymentPostprocessing = 0;
		};
		8ACDDA7122E956600015DDE3 /* Frameworks */ = {
			isa = PBXFrameworksBuildPhase;
			buildActionMask = 2147483647;
			files = (
			);
			runOnlyForDeploymentPostprocessing = 0;
		};
		8ACDDA7C22E956600015DDE3 /* Frameworks */ = {
			isa = PBXFrameworksBuildPhase;
			buildActionMask = 2147483647;
			files = (
			);
			runOnlyForDeploymentPostprocessing = 0;
		};
/* End PBXFrameworksBuildPhase section */

/* Begin PBXGroup section */
		8ACDDA5722E9565F0015DDE3 = {
			isa = PBXGroup;
			children = (
				8ACDDA6222E9565F0015DDE3 /* RuntimeDemo */,
				8ACDDA7722E956600015DDE3 /* RuntimeDemoTests */,
				8ACDDA8222E956600015DDE3 /* RuntimeDemoUITests */,
				8ACDDA6122E9565F0015DDE3 /* Products */,
			);
			sourceTree = "<group>";
		};
		8ACDDA6122E9565F0015DDE3 /* Products */ = {
			isa = PBXGroup;
			children = (
				8ACDDA6022E9565F0015DDE3 /* RuntimeDemo.app */,
				8ACDDA7422E956600015DDE3 /* RuntimeDemoTests.xctest */,
				8ACDDA7F22E956600015DDE3 /* RuntimeDemoUITests.xctest */,
			);
			name = Products;
			sourceTree = "<group>";
		};
		8ACDDA6222E9565F0015DDE3 /* RuntimeDemo */ = {
			isa = PBXGroup;
			children = (
				8ACDDA6322E9565F0015DDE3 /* AppDelegate.swift */,
				8ACDDA6522E9565F0015DDE3 /* ViewController.swift */,
				8ACCE94522EAAD2600A6234E /* TestSwiftRunTime.swift */,
				8ACCE94722EACD5C00A6234E /* NSObject+Extension.swift */,
				8ACCE94922EAD34400A6234E /* UIViewController+Extension.swift */,
				8ACCE94B22EADC7600A6234E /* Dog.swift */,
				8ACCE94D22EAE7C800A6234E /* UIControl+Extension.swift */,
				8ACD6E5E22F131EB003D39DF /* UIButton+Extension.swift */,
				8AB40BEA22EBE3DA00866279 /* UITapGestureRecognizer+Extension.swift */,
				8AA34AC922EF1CD300BCDBDB /* YYHook.h */,
				8AA34ACA22EF1CD300BCDBDB /* YYHook.m */,
				8AC78C6C22F06B6A0011DDA0 /* UIGestureRecognizer+logger.h */,
				8AC78C6D22F06B6B0011DDA0 /* UIGestureRecognizer+logger.m */,
				8AB40BF022EC55E500866279 /* UITableView+Extension.swift */,
				8AA34ABD22EE8EF900BCDBDB /* UIApplication+Extension.swift */,
				8ACDDA9222E95A520015DDE3 /* OCViewController.h */,
				8ACDDA9322E95A520015DDE3 /* OCViewController.m */,
				8ACDDA9522E95AD10015DDE3 /* NSObject+runtime.h */,
				8ACDDA9622E95AD10015DDE3 /* NSObject+runtime.m */,
				8ACDDA9B22E9A73B0015DDE3 /* UIViewController+Analysis.h */,
				8ACDDA9C22E9A73B0015DDE3 /* UIViewController+Analysis.m */,
				8ACDDA9822E95AEB0015DDE3 /* Person.h */,
				8ACDDA9922E95AEB0015DDE3 /* Person.m */,
				8ACDDA9E22E9B1D00015DDE3 /* Person+CategoryName.h */,
				8ACDDA9F22E9B1D00015DDE3 /* Person+CategoryName.m */,
				8ACDDA6722E9565F0015DDE3 /* Main.storyboard */,
				8ACDDA6A22E956600015DDE3 /* Assets.xcassets */,
				8ACDDA6C22E956600015DDE3 /* LaunchScreen.storyboard */,
				8ACDDA6F22E956600015DDE3 /* Info.plist */,
				8ACDDA9122E95A510015DDE3 /* RuntimeDemo-Bridging-Header.h */,
			);
			path = RuntimeDemo;
			sourceTree = "<group>";
		};
		8ACDDA7722E956600015DDE3 /* RuntimeDemoTests */ = {
			isa = PBXGroup;
			children = (
				8ACDDA7822E956600015DDE3 /* RuntimeDemoTests.swift */,
				8ACDDA7A22E956600015DDE3 /* Info.plist */,
			);
			path = RuntimeDemoTests;
			sourceTree = "<group>";
		};
		8ACDDA8222E956600015DDE3 /* RuntimeDemoUITests */ = {
			isa = PBXGroup;
			children = (
				8ACDDA8322E956600015DDE3 /* RuntimeDemoUITests.swift */,
				8ACDDA8522E956600015DDE3 /* Info.plist */,
			);
			path = RuntimeDemoUITests;
			sourceTree = "<group>";
		};
/* End PBXGroup section */

/* Begin PBXNativeTarget section */
		8ACDDA5F22E9565F0015DDE3 /* RuntimeDemo */ = {
			isa = PBXNativeTarget;
			buildConfigurationList = 8ACDDA8822E956600015DDE3 /* Build configuration list for PBXNativeTarget "RuntimeDemo" */;
			buildPhases = (
				8ACDDA5C22E9565F0015DDE3 /* Sources */,
				8ACDDA5D22E9565F0015DDE3 /* Frameworks */,
				8ACDDA5E22E9565F0015DDE3 /* Resources */,
			);
			buildRules = (
			);
			dependencies = (
			);
			name = RuntimeDemo;
			productName = RuntimeDemo;
			productReference = 8ACDDA6022E9565F0015DDE3 /* RuntimeDemo.app */;
			productType = "com.apple.product-type.application";
		};
		8ACDDA7322E956600015DDE3 /* RuntimeDemoTests */ = {
			isa = PBXNativeTarget;
			buildConfigurationList = 8ACDDA8B22E956600015DDE3 /* Build configuration list for PBXNativeTarget "RuntimeDemoTests" */;
			buildPhases = (
				8ACDDA7022E956600015DDE3 /* Sources */,
				8ACDDA7122E956600015DDE3 /* Frameworks */,
				8ACDDA7222E956600015DDE3 /* Resources */,
			);
			buildRules = (
			);
			dependencies = (
				8ACDDA7622E956600015DDE3 /* PBXTargetDependency */,
			);
			name = RuntimeDemoTests;
			productName = RuntimeDemoTests;
			productReference = 8ACDDA7422E956600015DDE3 /* RuntimeDemoTests.xctest */;
			productType = "com.apple.product-type.bundle.unit-test";
		};
		8ACDDA7E22E956600015DDE3 /* RuntimeDemoUITests */ = {
			isa = PBXNativeTarget;
			buildConfigurationList = 8ACDDA8E22E956600015DDE3 /* Build configuration list for PBXNativeTarget "RuntimeDemoUITests" */;
			buildPhases = (
				8ACDDA7B22E956600015DDE3 /* Sources */,
				8ACDDA7C22E956600015DDE3 /* Frameworks */,
				8ACDDA7D22E956600015DDE3 /* Resources */,
			);
			buildRules = (
			);
			dependencies = (
				8ACDDA8122E956600015DDE3 /* PBXTargetDependency */,
			);
			name = RuntimeDemoUITests;
			productName = RuntimeDemoUITests;
			productReference = 8ACDDA7F22E956600015DDE3 /* RuntimeDemoUITests.xctest */;
			productType = "com.apple.product-type.bundle.ui-testing";
		};
/* End PBXNativeTarget section */

/* Begin PBXProject section */
		8ACDDA5822E9565F0015DDE3 /* Project object */ = {
			isa = PBXProject;
			attributes = {
				LastSwiftUpdateCheck = 1020;
				LastUpgradeCheck = 1020;
				ORGANIZATIONNAME = xuanze;
				TargetAttributes = {
					8ACDDA5F22E9565F0015DDE3 = {
						CreatedOnToolsVersion = 10.2.1;
						LastSwiftMigration = 1020;
					};
					8ACDDA7322E956600015DDE3 = {
						CreatedOnToolsVersion = 10.2.1;
						TestTargetID = 8ACDDA5F22E9565F0015DDE3;
					};
					8ACDDA7E22E956600015DDE3 = {
						CreatedOnToolsVersion = 10.2.1;
						TestTargetID = 8ACDDA5F22E9565F0015DDE3;
					};
				};
			};
			buildConfigurationList = 8ACDDA5B22E9565F0015DDE3 /* Build configuration list for PBXProject "RuntimeDemo" */;
			compatibilityVersion = "Xcode 9.3";
			developmentRegion = en;
			hasScannedForEncodings = 0;
			knownRegions = (
				en,
				Base,
			);
			mainGroup = 8ACDDA5722E9565F0015DDE3;
			productRefGroup = 8ACDDA6122E9565F0015DDE3 /* Products */;
			projectDirPath = "";
			projectRoot = "";
			targets = (
				8ACDDA5F22E9565F0015DDE3 /* RuntimeDemo */,
				8ACDDA7322E956600015DDE3 /* RuntimeDemoTests */,
				8ACDDA7E22E956600015DDE3 /* RuntimeDemoUITests */,
			);
		};
/* End PBXProject section */

/* Begin PBXResourcesBuildPhase section */
		8ACDDA5E22E9565F0015DDE3 /* Resources */ = {
			isa = PBXResourcesBuildPhase;
			buildActionMask = 2147483647;
			files = (
				8ACDDA6E22E956600015DDE3 /* LaunchScreen.storyboard in Resources */,
				8ACDDA6B22E956600015DDE3 /* Assets.xcassets in Resources */,
				8ACDDA6922E9565F0015DDE3 /* Main.storyboard in Resources */,
			);
			runOnlyForDeploymentPostprocessing = 0;
		};
		8ACDDA7222E956600015DDE3 /* Resources */ = {
			isa = PBXResourcesBuildPhase;
			buildActionMask = 2147483647;
			files = (
			);
			runOnlyForDeploymentPostprocessing = 0;
		};
		8ACDDA7D22E956600015DDE3 /* Resources */ = {
			isa = PBXResourcesBuildPhase;
			buildActionMask = 2147483647;
			files = (
			);
			runOnlyForDeploymentPostprocessing = 0;
		};
/* End PBXResourcesBuildPhase section */

/* Begin PBXSourcesBuildPhase section */
		8ACDDA5C22E9565F0015DDE3 /* Sources */ = {
			isa = PBXSourcesBuildPhase;
			buildActionMask = 2147483647;
			files = (
				8ACDDAA022E9B1D00015DDE3 /* Person+CategoryName.m in Sources */,
				8ACDDA9D22E9A73B0015DDE3 /* UIViewController+Analysis.m in Sources */,
				8AC78C6E22F06B6B0011DDA0 /* UIGestureRecognizer+logger.m in Sources */,
				8ACCE94822EACD5C00A6234E /* NSObject+Extension.swift in Sources */,
				8ACCE94622EAAD2600A6234E /* TestSwiftRunTime.swift in Sources */,
				8ACD6E5F22F131EB003D39DF /* UIButton+Extension.swift in Sources */,
				8ACDDA9722E95AD10015DDE3 /* NSObject+runtime.m in Sources */,
				8ACCE94E22EAE7C800A6234E /* UIControl+Extension.swift in Sources */,
				8ACCE94C22EADC7600A6234E /* Dog.swift in Sources */,
				8AB40BEB22EBE3DA00866279 /* UITapGestureRecognizer+Extension.swift in Sources */,
				8ACDDA6622E9565F0015DDE3 /* ViewController.swift in Sources */,
				8AB40BF122EC55E500866279 /* UITableView+Extension.swift in Sources */,
				8ACDDA9A22E95AEB0015DDE3 /* Person.m in Sources */,
				8ACDDA6422E9565F0015DDE3 /* AppDelegate.swift in Sources */,
				8ACCE94A22EAD34400A6234E /* UIViewController+Extension.swift in Sources */,
				8AA34ABE22EE8EF900BCDBDB /* UIApplication+Extension.swift in Sources */,
				8AA34ACB22EF1CD400BCDBDB /* YYHook.m in Sources */,
				8ACDDA9422E95A520015DDE3 /* OCViewController.m in Sources */,
			);
			runOnlyForDeploymentPostprocessing = 0;
		};
		8ACDDA7022E956600015DDE3 /* Sources */ = {
			isa = PBXSourcesBuildPhase;
			buildActionMask = 2147483647;
			files = (
				8ACDDA7922E956600015DDE3 /* RuntimeDemoTests.swift in Sources */,
			);
			runOnlyForDeploymentPostprocessing = 0;
		};
		8ACDDA7B22E956600015DDE3 /* Sources */ = {
			isa = PBXSourcesBuildPhase;
			buildActionMask = 2147483647;
			files = (
				8ACDDA8422E956600015DDE3 /* RuntimeDemoUITests.swift in Sources */,
			);
			runOnlyForDeploymentPostprocessing = 0;
		};
/* End PBXSourcesBuildPhase section */

/* Begin PBXTargetDependency section */
		8ACDDA7622E956600015DDE3 /* PBXTargetDependency */ = {
			isa = PBXTargetDependency;
			target = 8ACDDA5F22E9565F0015DDE3 /* RuntimeDemo */;
			targetProxy = 8ACDDA7522E956600015DDE3 /* PBXContainerItemProxy */;
		};
		8ACDDA8122E956600015DDE3 /* PBXTargetDependency */ = {
			isa = PBXTargetDependency;
			target = 8ACDDA5F22E9565F0015DDE3 /* RuntimeDemo */;
			targetProxy = 8ACDDA8022E956600015DDE3 /* PBXContainerItemProxy */;
		};
/* End PBXTargetDependency section */

/* Begin PBXVariantGroup section */
		8ACDDA6722E9565F0015DDE3 /* Main.storyboard */ = {
			isa = PBXVariantGroup;
			children = (
				8ACDDA6822E9565F0015DDE3 /* Base */,
			);
			name = Main.storyboard;
			sourceTree = "<group>";
		};
		8ACDDA6C22E956600015DDE3 /* LaunchScreen.storyboard */ = {
			isa = PBXVariantGroup;
			children = (
				8ACDDA6D22E956600015DDE3 /* Base */,
			);
			name = LaunchScreen.storyboard;
			sourceTree = "<group>";
		};
/* End PBXVariantGroup section */

/* Begin XCBuildConfiguration section */
		8ACDDA8622E956600015DDE3 /* Debug */ = {
			isa = XCBuildConfiguration;
			buildSettings = {
				ALWAYS_SEARCH_USER_PATHS = NO;
				CLANG_ANALYZER_NONNULL = YES;
				CLANG_ANALYZER_NUMBER_OBJECT_CONVERSION = YES_AGGRESSIVE;
				CLANG_CXX_LANGUAGE_STANDARD = "gnu++14";
				CLANG_CXX_LIBRARY = "libc++";
				CLANG_ENABLE_MODULES = YES;
				CLANG_ENABLE_OBJC_ARC = YES;
				CLANG_ENABLE_OBJC_WEAK = YES;
				CLANG_WARN_BLOCK_CAPTURE_AUTORELEASING = YES;
				CLANG_WARN_BOOL_CONVERSION = YES;
				CLANG_WARN_COMMA = YES;
				CLANG_WARN_CONSTANT_CONVERSION = YES;
				CLANG_WARN_DEPRECATED_OBJC_IMPLEMENTATIONS = YES;
				CLANG_WARN_DIRECT_OBJC_ISA_USAGE = YES_ERROR;
				CLANG_WARN_DOCUMENTATION_COMMENTS = YES;
				CLANG_WARN_EMPTY_BODY = YES;
				CLANG_WARN_ENUM_CONVERSION = YES;
				CLANG_WARN_INFINITE_RECURSION = YES;
				CLANG_WARN_INT_CONVERSION = YES;
				CLANG_WARN_NON_LITERAL_NULL_CONVERSION = YES;
				CLANG_WARN_OBJC_IMPLICIT_RETAIN_SELF = YES;
				CLANG_WARN_OBJC_LITERAL_CONVERSION = YES;
				CLANG_WARN_OBJC_ROOT_CLASS = YES_ERROR;
				CLANG_WARN_RANGE_LOOP_ANALYSIS = YES;
				CLANG_WARN_STRICT_PROTOTYPES = YES;
				CLANG_WARN_SUSPICIOUS_MOVE = YES;
				CLANG_WARN_UNGUARDED_AVAILABILITY = YES_AGGRESSIVE;
				CLANG_WARN_UNREACHABLE_CODE = YES;
				CLANG_WARN__DUPLICATE_METHOD_MATCH = YES;
				CODE_SIGN_IDENTITY = "iPhone Developer";
				COPY_PHASE_STRIP = NO;
				DEBUG_INFORMATION_FORMAT = dwarf;
				ENABLE_STRICT_OBJC_MSGSEND = YES;
				ENABLE_TESTABILITY = YES;
				GCC_C_LANGUAGE_STANDARD = gnu11;
				GCC_DYNAMIC_NO_PIC = NO;
				GCC_NO_COMMON_BLOCKS = YES;
				GCC_OPTIMIZATION_LEVEL = 0;
				GCC_PREPROCESSOR_DEFINITIONS = (
					"DEBUG=1",
					"$(inherited)",
				);
				GCC_WARN_64_TO_32_BIT_CONVERSION = YES;
				GCC_WARN_ABOUT_RETURN_TYPE = YES_ERROR;
				GCC_WARN_UNDECLARED_SELECTOR = YES;
				GCC_WARN_UNINITIALIZED_AUTOS = YES_AGGRESSIVE;
				GCC_WARN_UNUSED_FUNCTION = YES;
				GCC_WARN_UNUSED_VARIABLE = YES;
				IPHONEOS_DEPLOYMENT_TARGET = 12.2;
				MTL_ENABLE_DEBUG_INFO = INCLUDE_SOURCE;
				MTL_FAST_MATH = YES;
				ONLY_ACTIVE_ARCH = YES;
				SDKROOT = iphoneos;
				SWIFT_ACTIVE_COMPILATION_CONDITIONS = DEBUG;
				SWIFT_OPTIMIZATION_LEVEL = "-Onone";
			};
			name = Debug;
		};
		8ACDDA8722E956600015DDE3 /* Release */ = {
			isa = XCBuildConfiguration;
			buildSettings = {
				ALWAYS_SEARCH_USER_PATHS = NO;
				CLANG_ANALYZER_NONNULL = YES;
				CLANG_ANALYZER_NUMBER_OBJECT_CONVERSION = YES_AGGRESSIVE;
				CLANG_CXX_LANGUAGE_STANDARD = "gnu++14";
				CLANG_CXX_LIBRARY = "libc++";
				CLANG_ENABLE_MODULES = YES;
				CLANG_ENABLE_OBJC_ARC = YES;
				CLANG_ENABLE_OBJC_WEAK = YES;
				CLANG_WARN_BLOCK_CAPTURE_AUTORELEASING = YES;
				CLANG_WARN_BOOL_CONVERSION = YES;
				CLANG_WARN_COMMA = YES;
				CLANG_WARN_CONSTANT_CONVERSION = YES;
				CLANG_WARN_DEPRECATED_OBJC_IMPLEMENTATIONS = YES;
				CLANG_WARN_DIRECT_OBJC_ISA_USAGE = YES_ERROR;
				CLANG_WARN_DOCUMENTATION_COMMENTS = YES;
				CLANG_WARN_EMPTY_BODY = YES;
				CLANG_WARN_ENUM_CONVERSION = YES;
				CLANG_WARN_INFINITE_RECURSION = YES;
				CLANG_WARN_INT_CONVERSION = YES;
				CLANG_WARN_NON_LITERAL_NULL_CONVERSION = YES;
				CLANG_WARN_OBJC_IMPLICIT_RETAIN_SELF = YES;
				CLANG_WARN_OBJC_LITERAL_CONVERSION = YES;
				CLANG_WARN_OBJC_ROOT_CLASS = YES_ERROR;
				CLANG_WARN_RANGE_LOOP_ANALYSIS = YES;
				CLANG_WARN_STRICT_PROTOTYPES = YES;
				CLANG_WARN_SUSPICIOUS_MOVE = YES;
				CLANG_WARN_UNGUARDED_AVAILABILITY = YES_AGGRESSIVE;
				CLANG_WARN_UNREACHABLE_CODE = YES;
				CLANG_WARN__DUPLICATE_METHOD_MATCH = YES;
				CODE_SIGN_IDENTITY = "iPhone Developer";
				COPY_PHASE_STRIP = NO;
				DEBUG_INFORMATION_FORMAT = "dwarf-with-dsym";
				ENABLE_NS_ASSERTIONS = NO;
				ENABLE_STRICT_OBJC_MSGSEND = YES;
				GCC_C_LANGUAGE_STANDARD = gnu11;
				GCC_NO_COMMON_BLOCKS = YES;
				GCC_WARN_64_TO_32_BIT_CONVERSION = YES;
				GCC_WARN_ABOUT_RETURN_TYPE = YES_ERROR;
				GCC_WARN_UNDECLARED_SELECTOR = YES;
				GCC_WARN_UNINITIALIZED_AUTOS = YES_AGGRESSIVE;
				GCC_WARN_UNUSED_FUNCTION = YES;
				GCC_WARN_UNUSED_VARIABLE = YES;
				IPHONEOS_DEPLOYMENT_TARGET = 12.2;
				MTL_ENABLE_DEBUG_INFO = NO;
				MTL_FAST_MATH = YES;
				SDKROOT = iphoneos;
				SWIFT_COMPILATION_MODE = wholemodule;
				SWIFT_OPTIMIZATION_LEVEL = "-O";
				VALIDATE_PRODUCT = YES;
			};
			name = Release;
		};
		8ACDDA8922E956600015DDE3 /* Debug */ = {
			isa = XCBuildConfiguration;
			buildSettings = {
				ASSETCATALOG_COMPILER_APPICON_NAME = AppIcon;
				CLANG_ENABLE_MODULES = YES;
				CODE_SIGN_STYLE = Automatic;
				INFOPLIST_FILE = RuntimeDemo/Info.plist;
				LD_RUNPATH_SEARCH_PATHS = (
					"$(inherited)",
					"@executable_path/Frameworks",
				);
				PRODUCT_BUNDLE_IDENTIFIER = xuanze.RuntimeDemo;
				PRODUCT_NAME = "$(TARGET_NAME)";
				SWIFT_OBJC_BRIDGING_HEADER = "RuntimeDemo/RuntimeDemo-Bridging-Header.h";
				SWIFT_OPTIMIZATION_LEVEL = "-Onone";
				SWIFT_VERSION = 5.0;
				TARGETED_DEVICE_FAMILY = "1,2";
			};
			name = Debug;
		};
		8ACDDA8A22E956600015DDE3 /* Release */ = {
			isa = XCBuildConfiguration;
			buildSettings = {
				ASSETCATALOG_COMPILER_APPICON_NAME = AppIcon;
				CLANG_ENABLE_MODULES = YES;
				CODE_SIGN_STYLE = Automatic;
				INFOPLIST_FILE = RuntimeDemo/Info.plist;
				LD_RUNPATH_SEARCH_PATHS = (
					"$(inherited)",
					"@executable_path/Frameworks",
				);
				PRODUCT_BUNDLE_IDENTIFIER = xuanze.RuntimeDemo;
				PRODUCT_NAME = "$(TARGET_NAME)";
				SWIFT_OBJC_BRIDGING_HEADER = "RuntimeDemo/RuntimeDemo-Bridging-Header.h";
				SWIFT_VERSION = 5.0;
				TARGETED_DEVICE_FAMILY = "1,2";
			};
			name = Release;
		};
		8ACDDA8C22E956600015DDE3 /* Debug */ = {
			isa = XCBuildConfiguration;
			buildSettings = {
				ALWAYS_EMBED_SWIFT_STANDARD_LIBRARIES = YES;
				BUNDLE_LOADER = "$(TEST_HOST)";
				CODE_SIGN_STYLE = Automatic;
				INFOPLIST_FILE = RuntimeDemoTests/Info.plist;
				LD_RUNPATH_SEARCH_PATHS = (
					"$(inherited)",
					"@executable_path/Frameworks",
					"@loader_path/Frameworks",
				);
				PRODUCT_BUNDLE_IDENTIFIER = xuanze.RuntimeDemoTests;
				PRODUCT_NAME = "$(TARGET_NAME)";
				SWIFT_VERSION = 5.0;
				TARGETED_DEVICE_FAMILY = "1,2";
				TEST_HOST = "$(BUILT_PRODUCTS_DIR)/RuntimeDemo.app/RuntimeDemo";
			};
			name = Debug;
		};
		8ACDDA8D22E956600015DDE3 /* Release */ = {
			isa = XCBuildConfiguration;
			buildSettings = {
				ALWAYS_EMBED_SWIFT_STANDARD_LIBRARIES = YES;
				BUNDLE_LOADER = "$(TEST_HOST)";
				CODE_SIGN_STYLE = Automatic;
				INFOPLIST_FILE = RuntimeDemoTests/Info.plist;
				LD_RUNPATH_SEARCH_PATHS = (
					"$(inherited)",
					"@executable_path/Frameworks",
					"@loader_path/Frameworks",
				);
				PRODUCT_BUNDLE_IDENTIFIER = xuanze.RuntimeDemoTests;
				PRODUCT_NAME = "$(TARGET_NAME)";
				SWIFT_VERSION = 5.0;
				TARGETED_DEVICE_FAMILY = "1,2";
				TEST_HOST = "$(BUILT_PRODUCTS_DIR)/RuntimeDemo.app/RuntimeDemo";
			};
			name = Release;
		};
		8ACDDA8F22E956600015DDE3 /* Debug */ = {
			isa = XCBuildConfiguration;
			buildSettings = {
				ALWAYS_EMBED_SWIFT_STANDARD_LIBRARIES = YES;
				CODE_SIGN_STYLE = Automatic;
				INFOPLIST_FILE = RuntimeDemoUITests/Info.plist;
				LD_RUNPATH_SEARCH_PATHS = (
					"$(inherited)",
					"@executable_path/Frameworks",
					"@loader_path/Frameworks",
				);
				PRODUCT_BUNDLE_IDENTIFIER = xuanze.RuntimeDemoUITests;
				PRODUCT_NAME = "$(TARGET_NAME)";
				SWIFT_VERSION = 5.0;
				TARGETED_DEVICE_FAMILY = "1,2";
				TEST_TARGET_NAME = RuntimeDemo;
			};
			name = Debug;
		};
		8ACDDA9022E956600015DDE3 /* Release */ = {
			isa = XCBuildConfiguration;
			buildSettings = {
				ALWAYS_EMBED_SWIFT_STANDARD_LIBRARIES = YES;
				CODE_SIGN_STYLE = Automatic;
				INFOPLIST_FILE = RuntimeDemoUITests/Info.plist;
				LD_RUNPATH_SEARCH_PATHS = (
					"$(inherited)",
					"@executable_path/Frameworks",
					"@loader_path/Frameworks",
				);
				PRODUCT_BUNDLE_IDENTIFIER = xuanze.RuntimeDemoUITests;
				PRODUCT_NAME = "$(TARGET_NAME)";
				SWIFT_VERSION = 5.0;
				TARGETED_DEVICE_FAMILY = "1,2";
				TEST_TARGET_NAME = RuntimeDemo;
			};
			name = Release;
		};
/* End XCBuildConfiguration section */

/* Begin XCConfigurationList section */
		8ACDDA5B22E9565F0015DDE3 /* Build configuration list for PBXProject "RuntimeDemo" */ = {
			isa = XCConfigurationList;
			buildConfigurations = (
				8ACDDA8622E956600015DDE3 /* Debug */,
				8ACDDA8722E956600015DDE3 /* Release */,
			);
			defaultConfigurationIsVisible = 0;
			defaultConfigurationName = Release;
		};
		8ACDDA8822E956600015DDE3 /* Build configuration list for PBXNativeTarget "RuntimeDemo" */ = {
			isa = XCConfigurationList;
			buildConfigurations = (
				8ACDDA8922E956600015DDE3 /* Debug */,
				8ACDDA8A22E956600015DDE3 /* Release */,
			);
			defaultConfigurationIsVisible = 0;
			defaultConfigurationName = Release;
		};
		8ACDDA8B22E956600015DDE3 /* Build configuration list for PBXNativeTarget "RuntimeDemoTests" */ = {
			isa = XCConfigurationList;
			buildConfigurations = (
				8ACDDA8C22E956600015DDE3 /* Debug */,
				8ACDDA8D22E956600015DDE3 /* Release */,
			);
			defaultConfigurationIsVisible = 0;
			defaultConfigurationName = Release;
		};
		8ACDDA8E22E956600015DDE3 /* Build configuration list for PBXNativeTarget "RuntimeDemoUITests" */ = {
			isa = XCConfigurationList;
			buildConfigurations = (
				8ACDDA8F22E956600015DDE3 /* Debug */,
				8ACDDA9022E956600015DDE3 /* Release */,
			);
			defaultConfigurationIsVisible = 0;
			defaultConfigurationName = Release;
		};
/* End XCConfigurationList section */
	};
	rootObject = 8ACDDA5822E9565F0015DDE3 /* Project object */;
}
